
Microsoft Visual Studio Solution File, Format Version 12.00
# Visual Studio 14
VisualStudioVersion = 14.0.25420.1
MinimumVisualStudioVersion = 10.0.40219.1
Project("{FAE04EC0-301F-11D3-BF4B-00C04F79EFBC}") = "Project", "Project\Project.csproj", "{C7A3230F-A1D7-4CD6-B05C-7A488D65F6F9}"
EndProject
Project("{FAE04EC0-301F-11D3-BF4B-00C04F79EFBC}") = "ProjectRepository", "ProjectRepository\ProjectRepository.csproj", "{49A50B40-1830-4310-AE5F-7BE35A5C6876}"
EndProject
Project("{FAE04EC0-301F-11D3-BF4B-00C04F79EFBC}") = "ProjectEntity", "ProjectEntity\ProjectEntity.csproj", "{39C67FA7-07C9-4356-945E-9333BF5B9002}"
EndProject
Global
	GlobalSection(SolutionConfigurationPlatforms) = preSolution
		Debug|Any CPU = Debug|Any CPU
		Release|Any CPU = Release|Any CPU
	EndGlobalSection
	GlobalSection(ProjectConfigurationPlatforms) = postSolution
		{C7A3230F-A1D7-4CD6-B05C-7A488D65F6F9}.Debug|Any CPU.ActiveCfg = Debug|Any CPU
		{C7A3230F-A1D7-4CD6-B05C-7A488D65F6F9}.Debug|Any CPU.Build.0 = Debug|Any CPU
		{C7A3230F-A1D7-4CD6-B05C-7A488D65F6F9}.Release|Any CPU.ActiveCfg = Release|Any CPU
		{C7A3230F-A1D7-4CD6-B05C-7A488D65F6F9}.Release|Any CPU.Build.0 = Release|Any CPU
		{49A50B40-1830-4310-AE5F-7BE35A5C6876}.Debug|Any CPU.ActiveCfg = Debug|Any CPU
		{49A50B40-1830-4310-AE5F-7BE35A5C6876}.Debug|Any CPU.Build.0 = Debug|Any CPU
		{49A50B40-1830-4310-AE5F-7BE35A5C6876}.Release|Any CPU.ActiveCfg = Release|Any CPU
		{49A50B40-1830-4310-AE5F-7BE35A5C6876}.Release|Any CPU.Build.0 = Release|Any CPU
		{39C67FA7-07C9-4356-945E-9333BF5B9002}.Debug|Any CPU.ActiveCfg = Debug|Any CPU
		{39C67FA7-07C9-4356-945E-9333BF5B9002}.Debug|Any CPU.Build.0 = Debug|Any CPU
		{39C67FA7-07C9-4356-945E-9333BF5B9002}.Release|Any CPU.ActiveCfg = Release|Any CPU
		{39C67FA7-07C9-4356-945E-9333BF5B9002}.Release|Any CPU.Build.0 = Release|Any CPU
	EndGlobalSection
	GlobalSection(SolutionProperties) = preSolution
		HideSolutionNode = FALSE
	EndGlobalSection
EndGlobal
